
Microsoft Visual Studio Solution File, Format Version 12.00
# Visual Studio Version 17
VisualStudioVersion = 17.3.32929.385
MinimumVisualStudioVersion = 10.0.40219.1
Project("{E24C65DC-7377-472B-9ABA-BC803B73C61A}") = "Yemek_Tarifi", "Yemek_Tarifi\", "{22DE1F86-A353-439D-BC31-1CD3023378C6}"
	ProjectSection(WebsiteProperties) = preProject
		TargetFrameworkMoniker = ".NETFramework,Version%3Dv4.7.2"
		Debug.AspNetCompiler.VirtualPath = "/localhost_55928"
		Debug.AspNetCompiler.PhysicalPath = "Yemek_Tarifi\"
		Debug.AspNetCompiler.TargetPath = "PrecompiledWeb\localhost_55928\"
		Debug.AspNetCompiler.Updateable = "true"
		Debug.AspNetCompiler.ForceOverwrite = "true"
		Debug.AspNetCompiler.FixedNames = "false"
		Debug.AspNetCompiler.Debug = "True"
		Release.AspNetCompiler.VirtualPath = "/localhost_55928"
		Release.AspNetCompiler.PhysicalPath = "Yemek_Tarifi\"
		Release.AspNetCompiler.TargetPath = "PrecompiledWeb\localhost_55928\"
		Release.AspNetCompiler.Updateable = "true"
		Release.AspNetCompiler.ForceOverwrite = "true"
		Release.AspNetCompiler.FixedNames = "false"
		Release.AspNetCompiler.Debug = "False"
		VWDPort = "55928"
		SlnRelativePath = "Yemek_Tarifi\"
		DefaultWebSiteLanguage = "Visual C#"
	EndProjectSection
EndProject
Global
	GlobalSection(SolutionConfigurationPlatforms) = preSolution
		Debug|Any CPU = Debug|Any CPU
	EndGlobalSection
	GlobalSection(ProjectConfigurationPlatforms) = postSolution
		{22DE1F86-A353-439D-BC31-1CD3023378C6}.Debug|Any CPU.ActiveCfg = Debug|Any CPU
		{22DE1F86-A353-439D-BC31-1CD3023378C6}.Debug|Any CPU.Build.0 = Debug|Any CPU
	EndGlobalSection
	GlobalSection(SolutionProperties) = preSolution
		HideSolutionNode = FALSE
	EndGlobalSection
	GlobalSection(ExtensibilityGlobals) = postSolution
		SolutionGuid = {6FE11444-2D8A-4347-9CE2-0E933B072B10}
	EndGlobalSection
EndGlobal
